
Microsoft Visual Studio Solution File, Format Version 12.00
# Visual Studio Version 17
VisualStudioVersion = 17.9.34622.214
MinimumVisualStudioVersion = 10.0.40219.1
Project("{FAE04EC0-301F-11D3-BF4B-00C04F79EFBC}") = "ApiCliente", "ApiCliente.csproj", "{FDEFC3FD-2A56-476B-92F5-4B3A0B8DD101}"
EndProject
Global
	GlobalSection(SolutionConfigurationPlatforms) = preSolution
		Debug|Any CPU = Debug|Any CPU
		Release|Any CPU = Release|Any CPU
	EndGlobalSection
	GlobalSection(ProjectConfigurationPlatforms) = postSolution
		{FDEFC3FD-2A56-476B-92F5-4B3A0B8DD101}.Debug|Any CPU.ActiveCfg = Debug|Any CPU
		{FDEFC3FD-2A56-476B-92F5-4B3A0B8DD101}.Debug|Any CPU.Build.0 = Debug|Any CPU
		{FDEFC3FD-2A56-476B-92F5-4B3A0B8DD101}.Release|Any CPU.ActiveCfg = Release|Any CPU
		{FDEFC3FD-2A56-476B-92F5-4B3A0B8DD101}.Release|Any CPU.Build.0 = Release|Any CPU
	EndGlobalSection
	GlobalSection(SolutionProperties) = preSolution
		HideSolutionNode = FALSE
	EndGlobalSection
	GlobalSection(ExtensibilityGlobals) = postSolution
		SolutionGuid = {551111E2-8D35-4A0E-AEC3-373CC15D10C3}
	EndGlobalSection
EndGlobal
